<?xml version="1.0" encoding="UTF-8"?>
<Scheme
   LastUpgradeVersion = "1500"
   version = "1.7">
   <BuildAction
      parallelizeBuildables = "YES"
      buildImplicitDependencies = "YES">
      <BuildActionEntries>
         <BuildActionEntry
            buildForTesting = "YES"
            buildForRunning = "YES"
            buildForProfiling = "YES"
            buildForArchiving = "YES"
            buildForAnalyzing = "YES">
            <BuildableReference
               BuildableIdentifier = "primary"
               BlueprintIdentifier = "E505CC722ADFC69E00FB1552"
               BuildableName = "TestToDoList.app"
               BlueprintName = "TestToDoList"
               ReferencedContainer = "container:TestToDoList.xcodeproj">
            </BuildableReference>
         </BuildActionEntry>
      </BuildActionEntries>
   </BuildAction>
   <TestAction
      buildConfiguration = "Debug"
      selectedDebuggerIdentifier = "Xcode.DebuggerFoundation.Debugger.LLDB"
      selectedLauncherIdentifier = "Xcode.DebuggerFoundation.Launcher.LLDB"
      shouldUseLaunchSchemeArgsEnv = "YES"
      shouldAutocreateTestPlan = "YES">
      <Testables>
         <TestableReference
            skipped = "NO"
            parallelizable = "YES">
            <BuildableReference
               BuildableIdentifier = "primary"
               BlueprintIdentifier = "E506981A2AE11D6A003C5C74"
               BuildableName = "TestToDoListUITests.xctest"
               BlueprintName = "TestToDoListUITests"
               ReferencedContainer = "container:TestToDoList.xcodeproj">
            </BuildableReference>
         </TestableReference>
         <TestableReference
            skipped = "NO"
            parallelizable = "YES">
            <BuildableReference
               BuildableIdentifier = "primary"
               BlueprintIdentifier = "E50698292AE11D7B003C5C74"
               BuildableName = "TestToDoListTests.xctest"
               BlueprintName = "TestToDoListTests"
               ReferencedContainer = "container:TestToDoList.xcodeproj">
            </BuildableReference>
         </TestableReference>
         <TestableReference
            skipped = "NO"
            parallelizable = "YES">
            <BuildableReference
               BuildableIdentifier = "primary"
               BlueprintIdentifier = "E5BC9D682AE13105003EC7E5"
               BuildableName = "TestToDoList_UnitTests.xctest"
               BlueprintName = "TestToDoList_UnitTests"
               ReferencedContainer = "container:TestToDoList.xcodeproj">
            </BuildableReference>
         </TestableReference>
         <TestableReference
            skipped = "NO"
            parallelizable = "YES">
            <BuildableReference
               BuildableIdentifier = "primary"
               BlueprintIdentifier = "E5BC9D762AE132B4003EC7E5"
               BuildableName = "TestToDoList_UITests.xctest"
               BlueprintName = "TestToDoList_UITests"
               ReferencedContainer = "container:TestToDoList.xcodeproj">
            </BuildableReference>
         </TestableReference>
         <TestableReference
            skipped = "NO"
            parallelizable = "YES">
            <BuildableReference
               BuildableIdentifier = "primary"
               BlueprintIdentifier = "E52B2AED2AE139EC00EFD9BD"
               BuildableName = "TestToDoList_UI_Tests.xctest"
               BlueprintName = "TestToDoList_UI_Tests"
               ReferencedContainer = "container:TestToDoList.xcodeproj">
            </BuildableReference>
         </TestableReference>
      </Testables>
   </TestAction>
   <LaunchAction
      buildConfiguration = "Debug"
      selectedDebuggerIdentifier = "Xcode.DebuggerFoundation.Debugger.LLDB"
      selectedLauncherIdentifier = "Xcode.DebuggerFoundation.Launcher.LLDB"
      launchStyle = "0"
      useCustomWorkingDirectory = "NO"
      ignoresPersistentStateOnLaunch = "NO"
      debugDocumentVersioning = "YES"
      debugServiceExtension = "internal"
      allowLocationSimulation = "YES">
      <BuildableProductRunnable
         runnableDebuggingMode = "0">
         <BuildableReference
            BuildableIdentifier = "primary"
            BlueprintIdentifier = "E505CC722ADFC69E00FB1552"
            BuildableName = "TestToDoList.app"
            BlueprintName = "TestToDoList"
            ReferencedContainer = "container:TestToDoList.xcodeproj">
         </BuildableReference>
      </BuildableProductRunnable>
   </LaunchAction>
   <ProfileAction
      buildConfiguration = "Debug"
      shouldUseLaunchSchemeArgsEnv = "YES"
      savedToolIdentifier = ""
      useCustomWorkingDirectory = "NO"
      debugDocumentVersioning = "YES"
      askForAppToLaunch = "Yes"
      launchAutomaticallySubstyle = "2">
      <PathRunnable
         runnableDebuggingMode = "0"
         FilePath = "/Users/ivanmarin/Library/Developer/Xcode/DerivedData/TestToDoList-egthbgtjltynggakcqksbingscad/Build/Products/TestToDoList">
      </PathRunnable>
      <MacroExpansion>
         <BuildableReference
            BuildableIdentifier = "primary"
            BlueprintIdentifier = "E505CC722ADFC69E00FB1552"
            BuildableName = "TestToDoList.app"
            BlueprintName = "TestToDoList"
            ReferencedContainer = "container:TestToDoList.xcodeproj">
         </BuildableReference>
      </MacroExpansion>
   </ProfileAction>
   <AnalyzeAction
      buildConfiguration = "Debug">
   </AnalyzeAction>
   <ArchiveAction
      buildConfiguration = "Release"
      revealArchiveInOrganizer = "YES">
   </ArchiveAction>
</Scheme>
